Microsoft Visual Studio Solution File, Format Version 11.00
# Visual Studio 2008

Project("{3BEB7173-4A52-BE09-F468-BB6D6437A383}") = "ProceduralGenAssignment", "Assembly-CSharp-vs.csproj", "{2307BBBC-EC24-BB4D-5D48-E416F3A00B4C}"
EndProject
Global
	GlobalSection(SolutionConfigurationPlatforms) = preSolution
		Debug|Any CPU = Debug|Any CPU
		Release|Any CPU = Release|Any CPU
	EndGlobalSection
	GlobalSection(ProjectConfigurationPlatforms) = postSolution
		{2307BBBC-EC24-BB4D-5D48-E416F3A00B4C}.Debug|Any CPU.ActiveCfg = Debug|Any CPU
		{2307BBBC-EC24-BB4D-5D48-E416F3A00B4C}.Debug|Any CPU.Build.0 = Debug|Any CPU
		{2307BBBC-EC24-BB4D-5D48-E416F3A00B4C}.Release|Any CPU.ActiveCfg = Release|Any CPU
		{2307BBBC-EC24-BB4D-5D48-E416F3A00B4C}.Release|Any CPU.Build.0 = Release|Any CPU
	EndGlobalSection
	GlobalSection(SolutionProperties) = preSolution
		HideSolutionNode = FALSE
	EndGlobalSection
											GlobalSection(MonoDevelopProperties) = preSolution
		StartupItem = Assembly-CSharp.csproj
		Policies = $0
		$0.TextStylePolicy = $1
		$1.inheritsSet = null
		$1.scope = text/x-csharp
		$0.CSharpFormattingPolicy = $2
		$2.inheritsSet = Mono
		$2.inheritsScope = text/x-csharp
		$2.scope = text/x-csharp
		$0.TextStylePolicy = $3
		$3.FileWidth = 120
		$3.TabWidth = 4
		$3.IndentWidth = 4
		$3.EolMarker = Unix
		$3.inheritsSet = Mono
		$3.inheritsScope = text/plain
		$3.scope = text/plain
	EndGlobalSection

EndGlobal
